
Microsoft Visual Studio Solution File, Format Version 12.00
Project("{FAE04EC0-301F-11D3-BF4B-00C04F79EFBC}") = "Capybotta", "Capybotta.csproj", "{57B97F26-56AD-484F-99ED-2869FAA5E607}"
EndProject
Global
	GlobalSection(SolutionConfigurationPlatforms) = preSolution
		Debug|Any CPU = Debug|Any CPU
		Release|Any CPU = Release|Any CPU
	EndGlobalSection
	GlobalSection(ProjectConfigurationPlatforms) = postSolution
		{57B97F26-56AD-484F-99ED-2869FAA5E607}.Debug|Any CPU.ActiveCfg = Debug|Any CPU
		{57B97F26-56AD-484F-99ED-2869FAA5E607}.Debug|Any CPU.Build.0 = Debug|Any CPU
		{57B97F26-56AD-484F-99ED-2869FAA5E607}.Release|Any CPU.ActiveCfg = Release|Any CPU
		{57B97F26-56AD-484F-99ED-2869FAA5E607}.Release|Any CPU.Build.0 = Release|Any CPU
	EndGlobalSection
EndGlobal
